// !$*UTF8*$!
{
	archiveVersion = 1;
	classes = {
	};
	objectVersion = 55;
	objects = {

/* Begin PBXBuildFile section */
		2D77E89E27B34DAE005340D1 /* AppDelegate.swift in Sources */ = {isa = PBXBuildFile; fileRef = 2D77E89D27B34DAE005340D1 /* AppDelegate.swift */; };
		2D77E8A027B34DAE005340D1 /* SceneDelegate.swift in Sources */ = {isa = PBXBuildFile; fileRef = 2D77E89F27B34DAE005340D1 /* SceneDelegate.swift */; };
		2D77E8A227B34DAE005340D1 /* ViewController.swift in Sources */ = {isa = PBXBuildFile; fileRef = 2D77E8A127B34DAE005340D1 /* ViewController.swift */; };
		2D77E8A527B34DAE005340D1 /* Main.storyboard in Resources */ = {isa = PBXBuildFile; fileRef = 2D77E8A327B34DAE005340D1 /* Main.storyboard */; };
		2D77E8A727B34DAE005340D1 /* Assets.xcassets in Resources */ = {isa = PBXBuildFile; fileRef = 2D77E8A627B34DAE005340D1 /* Assets.xcassets */; };
		2D77E8AA27B34DAE005340D1 /* LaunchScreen.storyboard in Resources */ = {isa = PBXBuildFile; fileRef = 2D77E8A827B34DAE005340D1 /* LaunchScreen.storyboard */; };
		2D77E8B527B34DAE005340D1 /* MarvelAppTests.swift in Sources */ = {isa = PBXBuildFile; fileRef = 2D77E8B427B34DAE005340D1 /* MarvelAppTests.swift */; };
		2D77E8BF27B34DAE005340D1 /* MarvelAppUITests.swift in Sources */ = {isa = PBXBuildFile; fileRef = 2D77E8BE27B34DAE005340D1 /* MarvelAppUITests.swift */; };
		2D77E8C127B34DAE005340D1 /* MarvelAppUITestsLaunchTests.swift in Sources */ = {isa = PBXBuildFile; fileRef = 2D77E8C027B34DAE005340D1 /* MarvelAppUITestsLaunchTests.swift */; };
		2D77E8CE27B3506A005340D1 /* HomeTableViewController.swift in Sources */ = {isa = PBXBuildFile; fileRef = 2D77E8CD27B3506A005340D1 /* HomeTableViewController.swift */; };
		2D77E8D027B3549E005340D1 /* DetailViewController.swift in Sources */ = {isa = PBXBuildFile; fileRef = 2D77E8CF27B3549E005340D1 /* DetailViewController.swift */; };
/* End PBXBuildFile section */

/* Begin PBXContainerItemProxy section */
		2D77E8B127B34DAE005340D1 /* PBXContainerItemProxy */ = {
			isa = PBXContainerItemProxy;
			containerPortal = 2D77E89227B34DAE005340D1 /* Project object */;
			proxyType = 1;
			remoteGlobalIDString = 2D77E89927B34DAE005340D1;
			remoteInfo = MarvelApp;
		};
		2D77E8BB27B34DAE005340D1 /* PBXContainerItemProxy */ = {
			isa = PBXContainerItemProxy;
			containerPortal = 2D77E89227B34DAE005340D1 /* Project object */;
			proxyType = 1;
			remoteGlobalIDString = 2D77E89927B34DAE005340D1;
			remoteInfo = MarvelApp;
		};
/* End PBXContainerItemProxy section */

/* Begin PBXFileReference section */
		2D77E89A27B34DAE005340D1 /* MarvelApp.app */ = {isa = PBXFileReference; explicitFileType = wrapper.application; includeInIndex = 0; path = MarvelApp.app; sourceTree = BUILT_PRODUCTS_DIR; };
		2D77E89D27B34DAE005340D1 /* AppDelegate.swift */ = {isa = PBXFileReference; lastKnownFileType = sourcecode.swift; path = AppDelegate.swift; sourceTree = "<group>"; };
		2D77E89F27B34DAE005340D1 /* SceneDelegate.swift */ = {isa = PBXFileReference; lastKnownFileType = sourcecode.swift; path = SceneDelegate.swift; sourceTree = "<group>"; };
		2D77E8A127B34DAE005340D1 /* ViewController.swift */ = {isa = PBXFileReference; lastKnownFileType = sourcecode.swift; path = ViewController.swift; sourceTree = "<group>"; };
		2D77E8A427B34DAE005340D1 /* Base */ = {isa = PBXFileReference; lastKnownFileType = file.storyboard; name = Base; path = Base.lproj/Main.storyboard; sourceTree = "<group>"; };
		2D77E8A627B34DAE005340D1 /* Assets.xcassets */ = {isa = PBXFileReference; lastKnownFileType = folder.assetcatalog; path = Assets.xcassets; sourceTree = "<group>"; };
		2D77E8A927B34DAE005340D1 /* Base */ = {isa = PBXFileReference; lastKnownFileType = file.storyboard; name = Base; path = Base.lproj/LaunchScreen.storyboard; sourceTree = "<group>"; };
		2D77E8AB27B34DAE005340D1 /* Info.plist */ = {isa = PBXFileReference; lastKnownFileType = text.plist.xml; path = Info.plist; sourceTree = "<group>"; };
		2D77E8B027B34DAE005340D1 /* MarvelAppTests.xctest */ = {isa = PBXFileReference; explicitFileType = wrapper.cfbundle; includeInIndex = 0; path = MarvelAppTests.xctest; sourceTree = BUILT_PRODUCTS_DIR; };
		2D77E8B427B34DAE005340D1 /* MarvelAppTests.swift */ = {isa = PBXFileReference; lastKnownFileType = sourcecode.swift; path = MarvelAppTests.swift; sourceTree = "<group>"; };
		2D77E8BA27B34DAE005340D1 /* MarvelAppUITests.xctest */ = {isa = PBXFileReference; explicitFileType = wrapper.cfbundle; includeInIndex = 0; path = MarvelAppUITests.xctest; sourceTree = BUILT_PRODUCTS_DIR; };
		2D77E8BE27B34DAE005340D1 /* MarvelAppUITests.swift */ = {isa = PBXFileReference; lastKnownFileType = sourcecode.swift; path = MarvelAppUITests.swift; sourceTree = "<group>"; };
		2D77E8C027B34DAE005340D1 /* MarvelAppUITestsLaunchTests.swift */ = {isa = PBXFileReference; lastKnownFileType = sourcecode.swift; path = MarvelAppUITestsLaunchTests.swift; sourceTree = "<group>"; };
		2D77E8CD27B3506A005340D1 /* HomeTableViewController.swift */ = {isa = PBXFileReference; lastKnownFileType = sourcecode.swift; path = HomeTableViewController.swift; sourceTree = "<group>"; };
		2D77E8CF27B3549E005340D1 /* DetailViewController.swift */ = {isa = PBXFileReference; lastKnownFileType = sourcecode.swift; path = DetailViewController.swift; sourceTree = "<group>"; };
/* End PBXFileReference section */

/* Begin PBXFrameworksBuildPhase section */
		2D77E89727B34DAE005340D1 /* Frameworks */ = {
			isa = PBXFrameworksBuildPhase;
			buildActionMask = 2147483647;
			files = (
			);
			runOnlyForDeploymentPostprocessing = 0;
		};
		2D77E8AD27B34DAE005340D1 /* Frameworks */ = {
			isa = PBXFrameworksBuildPhase;
			buildActionMask = 2147483647;
			files = (
			);
			runOnlyForDeploymentPostprocessing = 0;
		};
		2D77E8B727B34DAE005340D1 /* Frameworks */ = {
			isa = PBXFrameworksBuildPhase;
			buildActionMask = 2147483647;
			files = (
			);
			runOnlyForDeploymentPostprocessing = 0;
		};
/* End PBXFrameworksBuildPhase section */

/* Begin PBXGroup section */
		2D77E89127B34DAE005340D1 = {
			isa = PBXGroup;
			children = (
				2D77E89C27B34DAE005340D1 /* MarvelApp */,
				2D77E8B327B34DAE005340D1 /* MarvelAppTests */,
				2D77E8BD27B34DAE005340D1 /* MarvelAppUITests */,
				2D77E89B27B34DAE005340D1 /* Products */,
			);
			sourceTree = "<group>";
		};
		2D77E89B27B34DAE005340D1 /* Products */ = {
			isa = PBXGroup;
			children = (
				2D77E89A27B34DAE005340D1 /* MarvelApp.app */,
				2D77E8B027B34DAE005340D1 /* MarvelAppTests.xctest */,
				2D77E8BA27B34DAE005340D1 /* MarvelAppUITests.xctest */,
			);
			name = Products;
			sourceTree = "<group>";
		};
		2D77E89C27B34DAE005340D1 /* MarvelApp */ = {
			isa = PBXGroup;
			children = (
				2D77E89D27B34DAE005340D1 /* AppDelegate.swift */,
				2D77E89F27B34DAE005340D1 /* SceneDelegate.swift */,
				2D77E8CD27B3506A005340D1 /* HomeTableViewController.swift */,
				2D77E8CF27B3549E005340D1 /* DetailViewController.swift */,
				2D77E8A127B34DAE005340D1 /* ViewController.swift */,
				2D77E8A327B34DAE005340D1 /* Main.storyboard */,
				2D77E8A627B34DAE005340D1 /* Assets.xcassets */,
				2D77E8A827B34DAE005340D1 /* LaunchScreen.storyboard */,
				2D77E8AB27B34DAE005340D1 /* Info.plist */,
			);
			path = MarvelApp;
			sourceTree = "<group>";
		};
		2D77E8B327B34DAE005340D1 /* MarvelAppTests */ = {
			isa = PBXGroup;
			children = (
				2D77E8B427B34DAE005340D1 /* MarvelAppTests.swift */,
			);
			path = MarvelAppTests;
			sourceTree = "<group>";
		};
		2D77E8BD27B34DAE005340D1 /* MarvelAppUITests */ = {
			isa = PBXGroup;
			children = (
				2D77E8BE27B34DAE005340D1 /* MarvelAppUITests.swift */,
				2D77E8C027B34DAE005340D1 /* MarvelAppUITestsLaunchTests.swift */,
			);
			path = MarvelAppUITests;
			sourceTree = "<group>";
		};
/* End PBXGroup section */

/* Begin PBXNativeTarget section */
		2D77E89927B34DAE005340D1 /* MarvelApp */ = {
			isa = PBXNativeTarget;
			buildConfigurationList = 2D77E8C427B34DAE005340D1 /* Build configuration list for PBXNativeTarget "MarvelApp" */;
			buildPhases = (
				2D77E89627B34DAE005340D1 /* Sources */,
				2D77E89727B34DAE005340D1 /* Frameworks */,
				2D77E89827B34DAE005340D1 /* Resources */,
			);
			buildRules = (
			);
			dependencies = (
			);
			name = MarvelApp;
			productName = MarvelApp;
			productReference = 2D77E89A27B34DAE005340D1 /* MarvelApp.app */;
			productType = "com.apple.product-type.application";
		};
		2D77E8AF27B34DAE005340D1 /* MarvelAppTests */ = {
			isa = PBXNativeTarget;
			buildConfigurationList = 2D77E8C727B34DAE005340D1 /* Build configuration list for PBXNativeTarget "MarvelAppTests" */;
			buildPhases = (
				2D77E8AC27B34DAE005340D1 /* Sources */,
				2D77E8AD27B34DAE005340D1 /* Frameworks */,
				2D77E8AE27B34DAE005340D1 /* Resources */,
			);
			buildRules = (
			);
			dependencies = (
				2D77E8B227B34DAE005340D1 /* PBXTargetDependency */,
			);
			name = MarvelAppTests;
			productName = MarvelAppTests;
			productReference = 2D77E8B027B34DAE005340D1 /* MarvelAppTests.xctest */;
			productType = "com.apple.product-type.bundle.unit-test";
		};
		2D77E8B927B34DAE005340D1 /* MarvelAppUITests */ = {
			isa = PBXNativeTarget;
			buildConfigurationList = 2D77E8CA27B34DAE005340D1 /* Build configuration list for PBXNativeTarget "MarvelAppUITests" */;
			buildPhases = (
				2D77E8B627B34DAE005340D1 /* Sources */,
				2D77E8B727B34DAE005340D1 /* Frameworks */,
				2D77E8B827B34DAE005340D1 /* Resources */,
			);
			buildRules = (
			);
			dependencies = (
				2D77E8BC27B34DAE005340D1 /* PBXTargetDependency */,
			);
			name = MarvelAppUITests;
			productName = MarvelAppUITests;
			productReference = 2D77E8BA27B34DAE005340D1 /* MarvelAppUITests.xctest */;
			productType = "com.apple.product-type.bundle.ui-testing";
		};
/* End PBXNativeTarget section */

/* Begin PBXProject section */
		2D77E89227B34DAE005340D1 /* Project object */ = {
			isa = PBXProject;
			attributes = {
				BuildIndependentTargetsInParallel = 1;
				LastSwiftUpdateCheck = 1320;
				LastUpgradeCheck = 1320;
				TargetAttributes = {
					2D77E89927B34DAE005340D1 = {
						CreatedOnToolsVersion = 13.2.1;
					};
					2D77E8AF27B34DAE005340D1 = {
						CreatedOnToolsVersion = 13.2.1;
						TestTargetID = 2D77E89927B34DAE005340D1;
					};
					2D77E8B927B34DAE005340D1 = {
						CreatedOnToolsVersion = 13.2.1;
						TestTargetID = 2D77E89927B34DAE005340D1;
					};
				};
			};
			buildConfigurationList = 2D77E89527B34DAE005340D1 /* Build configuration list for PBXProject "MarvelApp" */;
			compatibilityVersion = "Xcode 13.0";
			developmentRegion = en;
			hasScannedForEncodings = 0;
			knownRegions = (
				en,
				Base,
			);
			mainGroup = 2D77E89127B34DAE005340D1;
			productRefGroup = 2D77E89B27B34DAE005340D1 /* Products */;
			projectDirPath = "";
			projectRoot = "";
			targets = (
				2D77E89927B34DAE005340D1 /* MarvelApp */,
				2D77E8AF27B34DAE005340D1 /* MarvelAppTests */,
				2D77E8B927B34DAE005340D1 /* MarvelAppUITests */,
			);
		};
/* End PBXProject section */

/* Begin PBXResourcesBuildPhase section */
		2D77E89827B34DAE005340D1 /* Resources */ = {
			isa = PBXResourcesBuildPhase;
			buildActionMask = 2147483647;
			files = (
				2D77E8AA27B34DAE005340D1 /* LaunchScreen.storyboard in Resources */,
				2D77E8A727B34DAE005340D1 /* Assets.xcassets in Resources */,
				2D77E8A527B34DAE005340D1 /* Main.storyboard in Resources */,
			);
			runOnlyForDeploymentPostprocessing = 0;
		};
		2D77E8AE27B34DAE005340D1 /* Resources */ = {
			isa = PBXResourcesBuildPhase;
			buildActionMask = 2147483647;
			files = (
			);
			runOnlyForDeploymentPostprocessing = 0;
		};
		2D77E8B827B34DAE005340D1 /* Resources */ = {
			isa = PBXResourcesBuildPhase;
			buildActionMask = 2147483647;
			files = (
			);
			runOnlyForDeploymentPostprocessing = 0;
		};
/* End PBXResourcesBuildPhase section */

/* Begin PBXSourcesBuildPhase section */
		2D77E89627B34DAE005340D1 /* Sources */ = {
			isa = PBXSourcesBuildPhase;
			buildActionMask = 2147483647;
			files = (
				2D77E8CE27B3506A005340D1 /* HomeTableViewController.swift in Sources */,
				2D77E8A227B34DAE005340D1 /* ViewController.swift in Sources */,
				2D77E8D027B3549E005340D1 /* DetailViewController.swift in Sources */,
				2D77E89E27B34DAE005340D1 /* AppDelegate.swift in Sources */,
				2D77E8A027B34DAE005340D1 /* SceneDelegate.swift in Sources */,
			);
			runOnlyForDeploymentPostprocessing = 0;
		};
		2D77E8AC27B34DAE005340D1 /* Sources */ = {
			isa = PBXSourcesBuildPhase;
			buildActionMask = 2147483647;
			files = (
				2D77E8B527B34DAE005340D1 /* MarvelAppTests.swift in Sources */,
			);
			runOnlyForDeploymentPostprocessing = 0;
		};
		2D77E8B627B34DAE005340D1 /* Sources */ = {
			isa = PBXSourcesBuildPhase;
			buildActionMask = 2147483647;
			files = (
				2D77E8BF27B34DAE005340D1 /* MarvelAppUITests.swift in Sources */,
				2D77E8C127B34DAE005340D1 /* MarvelAppUITestsLaunchTests.swift in Sources */,
			);
			runOnlyForDeploymentPostprocessing = 0;
		};
/* End PBXSourcesBuildPhase section */

/* Begin PBXTargetDependency section */
		2D77E8B227B34DAE005340D1 /* PBXTargetDependency */ = {
			isa = PBXTargetDependency;
			target = 2D77E89927B34DAE005340D1 /* MarvelApp */;
			targetProxy = 2D77E8B127B34DAE005340D1 /* PBXContainerItemProxy */;
		};
		2D77E8BC27B34DAE005340D1 /* PBXTargetDependency */ = {
			isa = PBXTargetDependency;
			target = 2D77E89927B34DAE005340D1 /* MarvelApp */;
			targetProxy = 2D77E8BB27B34DAE005340D1 /* PBXContainerItemProxy */;
		};
/* End PBXTargetDependency section */

/* Begin PBXVariantGroup section */
		2D77E8A327B34DAE005340D1 /* Main.storyboard */ = {
			isa = PBXVariantGroup;
			children = (
				2D77E8A427B34DAE005340D1 /* Base */,
			);
			name = Main.storyboard;
			sourceTree = "<group>";
		};
		2D77E8A827B34DAE005340D1 /* LaunchScreen.storyboard */ = {
			isa = PBXVariantGroup;
			children = (
				2D77E8A927B34DAE005340D1 /* Base */,
			);
			name = LaunchScreen.storyboard;
			sourceTree = "<group>";
		};
/* End PBXVariantGroup section */

/* Begin XCBuildConfiguration section */
		2D77E8C227B34DAE005340D1 /* Debug */ = {
			isa = XCBuildConfiguration;
			buildSettings = {
				ALWAYS_SEARCH_USER_PATHS = NO;
				CLANG_ANALYZER_NONNULL = YES;
				CLANG_ANALYZER_NUMBER_OBJECT_CONVERSION = YES_AGGRESSIVE;
				CLANG_CXX_LANGUAGE_STANDARD = "gnu++17";
				CLANG_CXX_LIBRARY = "libc++";
				CLANG_ENABLE_MODULES = YES;
				CLANG_ENABLE_OBJC_ARC = YES;
				CLANG_ENABLE_OBJC_WEAK = YES;
				CLANG_WARN_BLOCK_CAPTURE_AUTORELEASING = YES;
				CLANG_WARN_BOOL_CONVERSION = YES;
				CLANG_WARN_COMMA = YES;
				CLANG_WARN_CONSTANT_CONVERSION = YES;
				CLANG_WARN_DEPRECATED_OBJC_IMPLEMENTATIONS = YES;
				CLANG_WARN_DIRECT_OBJC_ISA_USAGE = YES_ERROR;
				CLANG_WARN_DOCUMENTATION_COMMENTS = YES;
				CLANG_WARN_EMPTY_BODY = YES;
				CLANG_WARN_ENUM_CONVERSION = YES;
				CLANG_WARN_INFINITE_RECURSION = YES;
				CLANG_WARN_INT_CONVERSION = YES;
				CLANG_WARN_NON_LITERAL_NULL_CONVERSION = YES;
				CLANG_WARN_OBJC_IMPLICIT_RETAIN_SELF = YES;
				CLANG_WARN_OBJC_LITERAL_CONVERSION = YES;
				CLANG_WARN_OBJC_ROOT_CLASS = YES_ERROR;
				CLANG_WARN_QUOTED_INCLUDE_IN_FRAMEWORK_HEADER = YES;
				CLANG_WARN_RANGE_LOOP_ANALYSIS = YES;
				CLANG_WARN_STRICT_PROTOTYPES = YES;
				CLANG_WARN_SUSPICIOUS_MOVE = YES;
				CLANG_WARN_UNGUARDED_AVAILABILITY = YES_AGGRESSIVE;
				CLANG_WARN_UNREACHABLE_CODE = YES;
				CLANG_WARN__DUPLICATE_METHOD_MATCH = YES;
				COPY_PHASE_STRIP = NO;
				DEBUG_INFORMATION_FORMAT = dwarf;
				ENABLE_STRICT_OBJC_MSGSEND = YES;
				ENABLE_TESTABILITY = YES;
				GCC_C_LANGUAGE_STANDARD = gnu11;
				GCC_DYNAMIC_NO_PIC = NO;
				GCC_NO_COMMON_BLOCKS = YES;
				GCC_OPTIMIZATION_LEVEL = 0;
				GCC_PREPROCESSOR_DEFINITIONS = (
					"DEBUG=1",
					"$(inherited)",
				);
				GCC_WARN_64_TO_32_BIT_CONVERSION = YES;
				GCC_WARN_ABOUT_RETURN_TYPE = YES_ERROR;
				GCC_WARN_UNDECLARED_SELECTOR = YES;
				GCC_WARN_UNINITIALIZED_AUTOS = YES_AGGRESSIVE;
				GCC_WARN_UNUSED_FUNCTION = YES;
				GCC_WARN_UNUSED_VARIABLE = YES;
				IPHONEOS_DEPLOYMENT_TARGET = 15.2;
				MTL_ENABLE_DEBUG_INFO = INCLUDE_SOURCE;
				MTL_FAST_MATH = YES;
				ONLY_ACTIVE_ARCH = YES;
				SDKROOT = iphoneos;
				SWIFT_ACTIVE_COMPILATION_CONDITIONS = DEBUG;
				SWIFT_OPTIMIZATION_LEVEL = "-Onone";
			};
			name = Debug;
		};
		2D77E8C327B34DAE005340D1 /* Release */ = {
			isa = XCBuildConfiguration;
			buildSettings = {
				ALWAYS_SEARCH_USER_PATHS = NO;
				CLANG_ANALYZER_NONNULL = YES;
				CLANG_ANALYZER_NUMBER_OBJECT_CONVERSION = YES_AGGRESSIVE;
				CLANG_CXX_LANGUAGE_STANDARD = "gnu++17";
				CLANG_CXX_LIBRARY = "libc++";
				CLANG_ENABLE_MODULES = YES;
				CLANG_ENABLE_OBJC_ARC = YES;
				CLANG_ENABLE_OBJC_WEAK = YES;
				CLANG_WARN_BLOCK_CAPTURE_AUTORELEASING = YES;
				CLANG_WARN_BOOL_CONVERSION = YES;
				CLANG_WARN_COMMA = YES;
				CLANG_WARN_CONSTANT_CONVERSION = YES;
				CLANG_WARN_DEPRECATED_OBJC_IMPLEMENTATIONS = YES;
				CLANG_WARN_DIRECT_OBJC_ISA_USAGE = YES_ERROR;
				CLANG_WARN_DOCUMENTATION_COMMENTS = YES;
				CLANG_WARN_EMPTY_BODY = YES;
				CLANG_WARN_ENUM_CONVERSION = YES;
				CLANG_WARN_INFINITE_RECURSION = YES;
				CLANG_WARN_INT_CONVERSION = YES;
				CLANG_WARN_NON_LITERAL_NULL_CONVERSION = YES;
				CLANG_WARN_OBJC_IMPLICIT_RETAIN_SELF = YES;
				CLANG_WARN_OBJC_LITERAL_CONVERSION = YES;
				CLANG_WARN_OBJC_ROOT_CLASS = YES_ERROR;
				CLANG_WARN_QUOTED_INCLUDE_IN_FRAMEWORK_HEADER = YES;
				CLANG_WARN_RANGE_LOOP_ANALYSIS = YES;
				CLANG_WARN_STRICT_PROTOTYPES = YES;
				CLANG_WARN_SUSPICIOUS_MOVE = YES;
				CLANG_WARN_UNGUARDED_AVAILABILITY = YES_AGGRESSIVE;
				CLANG_WARN_UNREACHABLE_CODE = YES;
				CLANG_WARN__DUPLICATE_METHOD_MATCH = YES;
				COPY_PHASE_STRIP = NO;
				DEBUG_INFORMATION_FORMAT = "dwarf-with-dsym";
				ENABLE_NS_ASSERTIONS = NO;
				ENABLE_STRICT_OBJC_MSGSEND = YES;
				GCC_C_LANGUAGE_STANDARD = gnu11;
				GCC_NO_COMMON_BLOCKS = YES;
				GCC_WARN_64_TO_32_BIT_CONVERSION = YES;
				GCC_WARN_ABOUT_RETURN_TYPE = YES_ERROR;
				GCC_WARN_UNDECLARED_SELECTOR = YES;
				GCC_WARN_UNINITIALIZED_AUTOS = YES_AGGRESSIVE;
				GCC_WARN_UNUSED_FUNCTION = YES;
				GCC_WARN_UNUSED_VARIABLE = YES;
				IPHONEOS_DEPLOYMENT_TARGET = 15.2;
				MTL_ENABLE_DEBUG_INFO = NO;
				MTL_FAST_MATH = YES;
				SDKROOT = iphoneos;
				SWIFT_COMPILATION_MODE = wholemodule;
				SWIFT_OPTIMIZATION_LEVEL = "-O";
				VALIDATE_PRODUCT = YES;
			};
			name = Release;
		};
		2D77E8C527B34DAE005340D1 /* Debug */ = {
			isa = XCBuildConfiguration;
			buildSettings = {
				ASSETCATALOG_COMPILER_APPICON_NAME = AppIcon;
				ASSETCATALOG_COMPILER_GLOBAL_ACCENT_COLOR_NAME = AccentColor;
				CODE_SIGN_STYLE = Automatic;
				CURRENT_PROJECT_VERSION = 1;
				DEVELOPMENT_TEAM = 737N65LX4C;
				GENERATE_INFOPLIST_FILE = YES;
				INFOPLIST_FILE = MarvelApp/Info.plist;
				INFOPLIST_KEY_UIApplicationSupportsIndirectInputEvents = YES;
				INFOPLIST_KEY_UILaunchStoryboardName = LaunchScreen;
				INFOPLIST_KEY_UIMainStoryboardFile = Main;
				INFOPLIST_KEY_UISupportedInterfaceOrientations_iPad = "UIInterfaceOrientationPortrait UIInterfaceOrientationPortraitUpsideDown UIInterfaceOrientationLandscapeLeft UIInterfaceOrientationLandscapeRight";
				INFOPLIST_KEY_UISupportedInterfaceOrientations_iPhone = "UIInterfaceOrientationPortrait UIInterfaceOrientationLandscapeLeft UIInterfaceOrientationLandscapeRight";
				LD_RUNPATH_SEARCH_PATHS = (
					"$(inherited)",
					"@executable_path/Frameworks",
				);
				MARKETING_VERSION = 1.0;
				PRODUCT_BUNDLE_IDENTIFIER = com.ivanquisco.MarvelApp;
				PRODUCT_NAME = "$(TARGET_NAME)";
				SWIFT_EMIT_LOC_STRINGS = YES;
				SWIFT_VERSION = 5.0;
				TARGETED_DEVICE_FAMILY = "1,2";
			};
			name = Debug;
		};
		2D77E8C627B34DAE005340D1 /* Release */ = {
			isa = XCBuildConfiguration;
			buildSettings = {
				ASSETCATALOG_COMPILER_APPICON_NAME = AppIcon;
				ASSETCATALOG_COMPILER_GLOBAL_ACCENT_COLOR_NAME = AccentColor;
				CODE_SIGN_STYLE = Automatic;
				CURRENT_PROJECT_VERSION = 1;
				DEVELOPMENT_TEAM = 737N65LX4C;
				GENERATE_INFOPLIST_FILE = YES;
				INFOPLIST_FILE = MarvelApp/Info.plist;
				INFOPLIST_KEY_UIApplicationSupportsIndirectInputEvents = YES;
				INFOPLIST_KEY_UILaunchStoryboardName = LaunchScreen;
				INFOPLIST_KEY_UIMainStoryboardFile = Main;
				INFOPLIST_KEY_UISupportedInterfaceOrientations_iPad = "UIInterfaceOrientationPortrait UIInterfaceOrientationPortraitUpsideDown UIInterfaceOrientationLandscapeLeft UIInterfaceOrientationLandscapeRight";
				INFOPLIST_KEY_UISupportedInterfaceOrientations_iPhone = "UIInterfaceOrientationPortrait UIInterfaceOrientationLandscapeLeft UIInterfaceOrientationLandscapeRight";
				LD_RUNPATH_SEARCH_PATHS = (
					"$(inherited)",
					"@executable_path/Frameworks",
				);
				MARKETING_VERSION = 1.0;
				PRODUCT_BUNDLE_IDENTIFIER = com.ivanquisco.MarvelApp;
				PRODUCT_NAME = "$(TARGET_NAME)";
				SWIFT_EMIT_LOC_STRINGS = YES;
				SWIFT_VERSION = 5.0;
				TARGETED_DEVICE_FAMILY = "1,2";
			};
			name = Release;
		};
		2D77E8C827B34DAE005340D1 /* Debug */ = {
			isa = XCBuildConfiguration;
			buildSettings = {
				ALWAYS_EMBED_SWIFT_STANDARD_LIBRARIES = YES;
				BUNDLE_LOADER = "$(TEST_HOST)";
				CODE_SIGN_STYLE = Automatic;
				CURRENT_PROJECT_VERSION = 1;
				DEVELOPMENT_TEAM = 737N65LX4C;
				GENERATE_INFOPLIST_FILE = YES;
				IPHONEOS_DEPLOYMENT_TARGET = 15.2;
				MARKETING_VERSION = 1.0;
				PRODUCT_BUNDLE_IDENTIFIER = com.ivanquisco.MarvelAppTests;
				PRODUCT_NAME = "$(TARGET_NAME)";
				SWIFT_EMIT_LOC_STRINGS = NO;
				SWIFT_VERSION = 5.0;
				TARGETED_DEVICE_FAMILY = "1,2";
				TEST_HOST = "$(BUILT_PRODUCTS_DIR)/MarvelApp.app/MarvelApp";
			};
			name = Debug;
		};
		2D77E8C927B34DAE005340D1 /* Release */ = {
			isa = XCBuildConfiguration;
			buildSettings = {
				ALWAYS_EMBED_SWIFT_STANDARD_LIBRARIES = YES;
				BUNDLE_LOADER = "$(TEST_HOST)";
				CODE_SIGN_STYLE = Automatic;
				CURRENT_PROJECT_VERSION = 1;
				DEVELOPMENT_TEAM = 737N65LX4C;
				GENERATE_INFOPLIST_FILE = YES;
				IPHONEOS_DEPLOYMENT_TARGET = 15.2;
				MARKETING_VERSION = 1.0;
				PRODUCT_BUNDLE_IDENTIFIER = com.ivanquisco.MarvelAppTests;
				PRODUCT_NAME = "$(TARGET_NAME)";
				SWIFT_EMIT_LOC_STRINGS = NO;
				SWIFT_VERSION = 5.0;
				TARGETED_DEVICE_FAMILY = "1,2";
				TEST_HOST = "$(BUILT_PRODUCTS_DIR)/MarvelApp.app/MarvelApp";
			};
			name = Release;
		};
		2D77E8CB27B34DAE005340D1 /* Debug */ = {
			isa = XCBuildConfiguration;
			buildSettings = {
				ALWAYS_EMBED_SWIFT_STANDARD_LIBRARIES = YES;
				CODE_SIGN_STYLE = Automatic;
				CURRENT_PROJECT_VERSION = 1;
				DEVELOPMENT_TEAM = 737N65LX4C;
				GENERATE_INFOPLIST_FILE = YES;
				MARKETING_VERSION = 1.0;
				PRODUCT_BUNDLE_IDENTIFIER = com.ivanquisco.MarvelAppUITests;
				PRODUCT_NAME = "$(TARGET_NAME)";
				SWIFT_EMIT_LOC_STRINGS = NO;
				SWIFT_VERSION = 5.0;
				TARGETED_DEVICE_FAMILY = "1,2";
				TEST_TARGET_NAME = MarvelApp;
			};
			name = Debug;
		};
		2D77E8CC27B34DAE005340D1 /* Release */ = {
			isa = XCBuildConfiguration;
			buildSettings = {
				ALWAYS_EMBED_SWIFT_STANDARD_LIBRARIES = YES;
				CODE_SIGN_STYLE = Automatic;
				CURRENT_PROJECT_VERSION = 1;
				DEVELOPMENT_TEAM = 737N65LX4C;
				GENERATE_INFOPLIST_FILE = YES;
				MARKETING_VERSION = 1.0;
				PRODUCT_BUNDLE_IDENTIFIER = com.ivanquisco.MarvelAppUITests;
				PRODUCT_NAME = "$(TARGET_NAME)";
				SWIFT_EMIT_LOC_STRINGS = NO;
				SWIFT_VERSION = 5.0;
				TARGETED_DEVICE_FAMILY = "1,2";
				TEST_TARGET_NAME = MarvelApp;
			};
			name = Release;
		};
/* End XCBuildConfiguration section */

/* Begin XCConfigurationList section */
		2D77E89527B34DAE005340D1 /* Build configuration list for PBXProject "MarvelApp" */ = {
			isa = XCConfigurationList;
			buildConfigurations = (
				2D77E8C227B34DAE005340D1 /* Debug */,
				2D77E8C327B34DAE005340D1 /* Release */,
			);
			defaultConfigurationIsVisible = 0;
			defaultConfigurationName = Release;
		};
		2D77E8C427B34DAE005340D1 /* Build configuration list for PBXNativeTarget "MarvelApp" */ = {
			isa = XCConfigurationList;
			buildConfigurations = (
				2D77E8C527B34DAE005340D1 /* Debug */,
				2D77E8C627B34DAE005340D1 /* Release */,
			);
			defaultConfigurationIsVisible = 0;
			defaultConfigurationName = Release;
		};
		2D77E8C727B34DAE005340D1 /* Build configuration list for PBXNativeTarget "MarvelAppTests" */ = {
			isa = XCConfigurationList;
			buildConfigurations = (
				2D77E8C827B34DAE005340D1 /* Debug */,
				2D77E8C927B34DAE005340D1 /* Release */,
			);
			defaultConfigurationIsVisible = 0;
			defaultConfigurationName = Release;
		};
		2D77E8CA27B34DAE005340D1 /* Build configuration list for PBXNativeTarget "MarvelAppUITests" */ = {
			isa = XCConfigurationList;
			buildConfigurations = (
				2D77E8CB27B34DAE005340D1 /* Debug */,
				2D77E8CC27B34DAE005340D1 /* Release */,
			);
			defaultConfigurationIsVisible = 0;
			defaultConfigurationName = Release;
		};
/* End XCConfigurationList section */
	};
	rootObject = 2D77E89227B34DAE005340D1 /* Project object */;
}
